
Microsoft Visual Studio Solution File, Format Version 12.00
# Visual Studio Version 16
VisualStudioVersion = 16.0.29403.142
MinimumVisualStudioVersion = 10.0.40219.1
Project("{FAE04EC0-301F-11D3-BF4B-00C04F79EFBC}") = "ConvertorBaza", "ConvertorBaza\ConvertorBaza.csproj", "{772F0936-A50C-4176-A9A3-EB223A043B22}"
EndProject
Global
	GlobalSection(SolutionConfigurationPlatforms) = preSolution
		Debug|Any CPU = Debug|Any CPU
		Release|Any CPU = Release|Any CPU
	EndGlobalSection
	GlobalSection(ProjectConfigurationPlatforms) = postSolution
		{772F0936-A50C-4176-A9A3-EB223A043B22}.Debug|Any CPU.ActiveCfg = Debug|Any CPU
		{772F0936-A50C-4176-A9A3-EB223A043B22}.Debug|Any CPU.Build.0 = Debug|Any CPU
		{772F0936-A50C-4176-A9A3-EB223A043B22}.Release|Any CPU.ActiveCfg = Release|Any CPU
		{772F0936-A50C-4176-A9A3-EB223A043B22}.Release|Any CPU.Build.0 = Release|Any CPU
	EndGlobalSection
	GlobalSection(SolutionProperties) = preSolution
		HideSolutionNode = FALSE
	EndGlobalSection
	GlobalSection(ExtensibilityGlobals) = postSolution
		SolutionGuid = {A9915D35-1459-476B-BFB1-61400E6F2335}
	EndGlobalSection
EndGlobal
